// !$*UTF8*$!
{
	archiveVersion = 1;
	classes = {
	};
	objectVersion = 77;
	objects = {

/* Begin PBXContainerItemProxy section */
		EB5F2EF82D45C8130046E8B0 /* PBXContainerItemProxy */ = {
			isa = PBXContainerItemProxy;
			containerPortal = EB5F2EDF2D45C8110046E8B0 /* Project object */;
			proxyType = 1;
			remoteGlobalIDString = EB5F2EE62D45C8110046E8B0;
			remoteInfo = "Software Design Volunteer App";
		};
		EB5F2F022D45C8130046E8B0 /* PBXContainerItemProxy */ = {
			isa = PBXContainerItemProxy;
			containerPortal = EB5F2EDF2D45C8110046E8B0 /* Project object */;
			proxyType = 1;
			remoteGlobalIDString = EB5F2EE62D45C8110046E8B0;
			remoteInfo = "Software Design Volunteer App";
		};
/* End PBXContainerItemProxy section */

/* Begin PBXFileReference section */
		EB5F2EE72D45C8110046E8B0 /* Software Design Volunteer App.app */ = {isa = PBXFileReference; explicitFileType = wrapper.application; includeInIndex = 0; path = "Software Design Volunteer App.app"; sourceTree = BUILT_PRODUCTS_DIR; };
		EB5F2EF72D45C8130046E8B0 /* Software Design Volunteer AppTests.xctest */ = {isa = PBXFileReference; explicitFileType = wrapper.cfbundle; includeInIndex = 0; path = "Software Design Volunteer AppTests.xctest"; sourceTree = BUILT_PRODUCTS_DIR; };
		EB5F2F012D45C8130046E8B0 /* Software Design Volunteer AppUITests.xctest */ = {isa = PBXFileReference; explicitFileType = wrapper.cfbundle; includeInIndex = 0; path = "Software Design Volunteer AppUITests.xctest"; sourceTree = BUILT_PRODUCTS_DIR; };
/* End PBXFileReference section */

/* Begin PBXFileSystemSynchronizedRootGroup section */
		EB5F2EE92D45C8110046E8B0 /* Software Design Volunteer App */ = {
			isa = PBXFileSystemSynchronizedRootGroup;
			path = "Software Design Volunteer App";
			sourceTree = "<group>";
		};
		EB5F2EFA2D45C8130046E8B0 /* Software Design Volunteer AppTests */ = {
			isa = PBXFileSystemSynchronizedRootGroup;
			path = "Software Design Volunteer AppTests";
			sourceTree = "<group>";
		};
		EB5F2F042D45C8130046E8B0 /* Software Design Volunteer AppUITests */ = {
			isa = PBXFileSystemSynchronizedRootGroup;
			path = "Software Design Volunteer AppUITests";
			sourceTree = "<group>";
		};
/* End PBXFileSystemSynchronizedRootGroup section */

/* Begin PBXFrameworksBuildPhase section */
		EB5F2EE42D45C8110046E8B0 /* Frameworks */ = {
			isa = PBXFrameworksBuildPhase;
			buildActionMask = 2147483647;
			files = (
			);
			runOnlyForDeploymentPostprocessing = 0;
		};
		EB5F2EF42D45C8130046E8B0 /* Frameworks */ = {
			isa = PBXFrameworksBuildPhase;
			buildActionMask = 2147483647;
			files = (
			);
			runOnlyForDeploymentPostprocessing = 0;
		};
		EB5F2EFE2D45C8130046E8B0 /* Frameworks */ = {
			isa = PBXFrameworksBuildPhase;
			buildActionMask = 2147483647;
			files = (
			);
			runOnlyForDeploymentPostprocessing = 0;
		};
/* End PBXFrameworksBuildPhase section */

/* Begin PBXGroup section */
		EB5F2EDE2D45C8110046E8B0 = {
			isa = PBXGroup;
			children = (
				EB5F2EE92D45C8110046E8B0 /* Software Design Volunteer App */,
				EB5F2EFA2D45C8130046E8B0 /* Software Design Volunteer AppTests */,
				EB5F2F042D45C8130046E8B0 /* Software Design Volunteer AppUITests */,
				EB5F2EE82D45C8110046E8B0 /* Products */,
			);
			sourceTree = "<group>";
		};
		EB5F2EE82D45C8110046E8B0 /* Products */ = {
			isa = PBXGroup;
			children = (
				EB5F2EE72D45C8110046E8B0 /* Software Design Volunteer App.app */,
				EB5F2EF72D45C8130046E8B0 /* Software Design Volunteer AppTests.xctest */,
				EB5F2F012D45C8130046E8B0 /* Software Design Volunteer AppUITests.xctest */,
			);
			name = Products;
			sourceTree = "<group>";
		};
/* End PBXGroup section */

/* Begin PBXNativeTarget section */
		EB5F2EE62D45C8110046E8B0 /* Software Design Volunteer App */ = {
			isa = PBXNativeTarget;
			buildConfigurationList = EB5F2F0B2D45C8130046E8B0 /* Build configuration list for PBXNativeTarget "Software Design Volunteer App" */;
			buildPhases = (
				EB5F2EE32D45C8110046E8B0 /* Sources */,
				EB5F2EE42D45C8110046E8B0 /* Frameworks */,
				EB5F2EE52D45C8110046E8B0 /* Resources */,
			);
			buildRules = (
			);
			dependencies = (
			);
			fileSystemSynchronizedGroups = (
				EB5F2EE92D45C8110046E8B0 /* Software Design Volunteer App */,
			);
			name = "Software Design Volunteer App";
			packageProductDependencies = (
			);
			productName = "Software Design Volunteer App";
			productReference = EB5F2EE72D45C8110046E8B0 /* Software Design Volunteer App.app */;
			productType = "com.apple.product-type.application";
		};
		EB5F2EF62D45C8130046E8B0 /* Software Design Volunteer AppTests */ = {
			isa = PBXNativeTarget;
			buildConfigurationList = EB5F2F0E2D45C8130046E8B0 /* Build configuration list for PBXNativeTarget "Software Design Volunteer AppTests" */;
			buildPhases = (
				EB5F2EF32D45C8130046E8B0 /* Sources */,
				EB5F2EF42D45C8130046E8B0 /* Frameworks */,
				EB5F2EF52D45C8130046E8B0 /* Resources */,
			);
			buildRules = (
			);
			dependencies = (
				EB5F2EF92D45C8130046E8B0 /* PBXTargetDependency */,
			);
			fileSystemSynchronizedGroups = (
				EB5F2EFA2D45C8130046E8B0 /* Software Design Volunteer AppTests */,
			);
			name = "Software Design Volunteer AppTests";
			packageProductDependencies = (
			);
			productName = "Software Design Volunteer AppTests";
			productReference = EB5F2EF72D45C8130046E8B0 /* Software Design Volunteer AppTests.xctest */;
			productType = "com.apple.product-type.bundle.unit-test";
		};
		EB5F2F002D45C8130046E8B0 /* Software Design Volunteer AppUITests */ = {
			isa = PBXNativeTarget;
			buildConfigurationList = EB5F2F112D45C8130046E8B0 /* Build configuration list for PBXNativeTarget "Software Design Volunteer AppUITests" */;
			buildPhases = (
				EB5F2EFD2D45C8130046E8B0 /* Sources */,
				EB5F2EFE2D45C8130046E8B0 /* Frameworks */,
				EB5F2EFF2D45C8130046E8B0 /* Resources */,
			);
			buildRules = (
			);
			dependencies = (
				EB5F2F032D45C8130046E8B0 /* PBXTargetDependency */,
			);
			fileSystemSynchronizedGroups = (
				EB5F2F042D45C8130046E8B0 /* Software Design Volunteer AppUITests */,
			);
			name = "Software Design Volunteer AppUITests";
			packageProductDependencies = (
			);
			productName = "Software Design Volunteer AppUITests";
			productReference = EB5F2F012D45C8130046E8B0 /* Software Design Volunteer AppUITests.xctest */;
			productType = "com.apple.product-type.bundle.ui-testing";
		};
/* End PBXNativeTarget section */

/* Begin PBXProject section */
		EB5F2EDF2D45C8110046E8B0 /* Project object */ = {
			isa = PBXProject;
			attributes = {
				BuildIndependentTargetsInParallel = 1;
				LastSwiftUpdateCheck = 1620;
				LastUpgradeCheck = 1620;
				TargetAttributes = {
					EB5F2EE62D45C8110046E8B0 = {
						CreatedOnToolsVersion = 16.2;
					};
					EB5F2EF62D45C8130046E8B0 = {
						CreatedOnToolsVersion = 16.2;
						TestTargetID = EB5F2EE62D45C8110046E8B0;
					};
					EB5F2F002D45C8130046E8B0 = {
						CreatedOnToolsVersion = 16.2;
						TestTargetID = EB5F2EE62D45C8110046E8B0;
					};
				};
			};
			buildConfigurationList = EB5F2EE22D45C8110046E8B0 /* Build configuration list for PBXProject "Software Design Volunteer App" */;
			developmentRegion = en;
			hasScannedForEncodings = 0;
			knownRegions = (
				en,
				Base,
			);
			mainGroup = EB5F2EDE2D45C8110046E8B0;
			minimizedProjectReferenceProxies = 1;
			preferredProjectObjectVersion = 77;
			productRefGroup = EB5F2EE82D45C8110046E8B0 /* Products */;
			projectDirPath = "";
			projectRoot = "";
			targets = (
				EB5F2EE62D45C8110046E8B0 /* Software Design Volunteer App */,
				EB5F2EF62D45C8130046E8B0 /* Software Design Volunteer AppTests */,
				EB5F2F002D45C8130046E8B0 /* Software Design Volunteer AppUITests */,
			);
		};
/* End PBXProject section */

/* Begin PBXResourcesBuildPhase section */
		EB5F2EE52D45C8110046E8B0 /* Resources */ = {
			isa = PBXResourcesBuildPhase;
			buildActionMask = 2147483647;
			files = (
			);
			runOnlyForDeploymentPostprocessing = 0;
		};
		EB5F2EF52D45C8130046E8B0 /* Resources */ = {
			isa = PBXResourcesBuildPhase;
			buildActionMask = 2147483647;
			files = (
			);
			runOnlyForDeploymentPostprocessing = 0;
		};
		EB5F2EFF2D45C8130046E8B0 /* Resources */ = {
			isa = PBXResourcesBuildPhase;
			buildActionMask = 2147483647;
			files = (
			);
			runOnlyForDeploymentPostprocessing = 0;
		};
/* End PBXResourcesBuildPhase section */

/* Begin PBXSourcesBuildPhase section */
		EB5F2EE32D45C8110046E8B0 /* Sources */ = {
			isa = PBXSourcesBuildPhase;
			buildActionMask = 2147483647;
			files = (
			);
			runOnlyForDeploymentPostprocessing = 0;
		};
		EB5F2EF32D45C8130046E8B0 /* Sources */ = {
			isa = PBXSourcesBuildPhase;
			buildActionMask = 2147483647;
			files = (
			);
			runOnlyForDeploymentPostprocessing = 0;
		};
		EB5F2EFD2D45C8130046E8B0 /* Sources */ = {
			isa = PBXSourcesBuildPhase;
			buildActionMask = 2147483647;
			files = (
			);
			runOnlyForDeploymentPostprocessing = 0;
		};
/* End PBXSourcesBuildPhase section */

/* Begin PBXTargetDependency section */
		EB5F2EF92D45C8130046E8B0 /* PBXTargetDependency */ = {
			isa = PBXTargetDependency;
			target = EB5F2EE62D45C8110046E8B0 /* Software Design Volunteer App */;
			targetProxy = EB5F2EF82D45C8130046E8B0 /* PBXContainerItemProxy */;
		};
		EB5F2F032D45C8130046E8B0 /* PBXTargetDependency */ = {
			isa = PBXTargetDependency;
			target = EB5F2EE62D45C8110046E8B0 /* Software Design Volunteer App */;
			targetProxy = EB5F2F022D45C8130046E8B0 /* PBXContainerItemProxy */;
		};
/* End PBXTargetDependency section */

/* Begin XCBuildConfiguration section */
		EB5F2F092D45C8130046E8B0 /* Debug */ = {
			isa = XCBuildConfiguration;
			buildSettings = {
				ALWAYS_SEARCH_USER_PATHS = NO;
				ASSETCATALOG_COMPILER_GENERATE_SWIFT_ASSET_SYMBOL_EXTENSIONS = YES;
				CLANG_ANALYZER_NONNULL = YES;
				CLANG_ANALYZER_NUMBER_OBJECT_CONVERSION = YES_AGGRESSIVE;
				CLANG_CXX_LANGUAGE_STANDARD = "gnu++20";
				CLANG_ENABLE_MODULES = YES;
				CLANG_ENABLE_OBJC_ARC = YES;
				CLANG_ENABLE_OBJC_WEAK = YES;
				CLANG_WARN_BLOCK_CAPTURE_AUTORELEASING = YES;
				CLANG_WARN_BOOL_CONVERSION = YES;
				CLANG_WARN_COMMA = YES;
				CLANG_WARN_CONSTANT_CONVERSION = YES;
				CLANG_WARN_DEPRECATED_OBJC_IMPLEMENTATIONS = YES;
				CLANG_WARN_DIRECT_OBJC_ISA_USAGE = YES_ERROR;
				CLANG_WARN_DOCUMENTATION_COMMENTS = YES;
				CLANG_WARN_EMPTY_BODY = YES;
				CLANG_WARN_ENUM_CONVERSION = YES;
				CLANG_WARN_INFINITE_RECURSION = YES;
				CLANG_WARN_INT_CONVERSION = YES;
				CLANG_WARN_NON_LITERAL_NULL_CONVERSION = YES;
				CLANG_WARN_OBJC_IMPLICIT_RETAIN_SELF = YES;
				CLANG_WARN_OBJC_LITERAL_CONVERSION = YES;
				CLANG_WARN_OBJC_ROOT_CLASS = YES_ERROR;
				CLANG_WARN_QUOTED_INCLUDE_IN_FRAMEWORK_HEADER = YES;
				CLANG_WARN_RANGE_LOOP_ANALYSIS = YES;
				CLANG_WARN_STRICT_PROTOTYPES = YES;
				CLANG_WARN_SUSPICIOUS_MOVE = YES;
				CLANG_WARN_UNGUARDED_AVAILABILITY = YES_AGGRESSIVE;
				CLANG_WARN_UNREACHABLE_CODE = YES;
				CLANG_WARN__DUPLICATE_METHOD_MATCH = YES;
				COPY_PHASE_STRIP = NO;
				DEBUG_INFORMATION_FORMAT = dwarf;
				ENABLE_STRICT_OBJC_MSGSEND = YES;
				ENABLE_TESTABILITY = YES;
				ENABLE_USER_SCRIPT_SANDBOXING = YES;
				GCC_C_LANGUAGE_STANDARD = gnu17;
				GCC_DYNAMIC_NO_PIC = NO;
				GCC_NO_COMMON_BLOCKS = YES;
				GCC_OPTIMIZATION_LEVEL = 0;
				GCC_PREPROCESSOR_DEFINITIONS = (
					"DEBUG=1",
					"$(inherited)",
				);
				GCC_WARN_64_TO_32_BIT_CONVERSION = YES;
				GCC_WARN_ABOUT_RETURN_TYPE = YES_ERROR;
				GCC_WARN_UNDECLARED_SELECTOR = YES;
				GCC_WARN_UNINITIALIZED_AUTOS = YES_AGGRESSIVE;
				GCC_WARN_UNUSED_FUNCTION = YES;
				GCC_WARN_UNUSED_VARIABLE = YES;
				IPHONEOS_DEPLOYMENT_TARGET = 18.2;
				LOCALIZATION_PREFERS_STRING_CATALOGS = YES;
				MTL_ENABLE_DEBUG_INFO = INCLUDE_SOURCE;
				MTL_FAST_MATH = YES;
				ONLY_ACTIVE_ARCH = YES;
				SDKROOT = iphoneos;
				SWIFT_ACTIVE_COMPILATION_CONDITIONS = "DEBUG $(inherited)";
				SWIFT_OPTIMIZATION_LEVEL = "-Onone";
			};
			name = Debug;
		};
		EB5F2F0A2D45C8130046E8B0 /* Release */ = {
			isa = XCBuildConfiguration;
			buildSettings = {
				ALWAYS_SEARCH_USER_PATHS = NO;
				ASSETCATALOG_COMPILER_GENERATE_SWIFT_ASSET_SYMBOL_EXTENSIONS = YES;
				CLANG_ANALYZER_NONNULL = YES;
				CLANG_ANALYZER_NUMBER_OBJECT_CONVERSION = YES_AGGRESSIVE;
				CLANG_CXX_LANGUAGE_STANDARD = "gnu++20";
				CLANG_ENABLE_MODULES = YES;
				CLANG_ENABLE_OBJC_ARC = YES;
				CLANG_ENABLE_OBJC_WEAK = YES;
				CLANG_WARN_BLOCK_CAPTURE_AUTORELEASING = YES;
				CLANG_WARN_BOOL_CONVERSION = YES;
				CLANG_WARN_COMMA = YES;
				CLANG_WARN_CONSTANT_CONVERSION = YES;
				CLANG_WARN_DEPRECATED_OBJC_IMPLEMENTATIONS = YES;
				CLANG_WARN_DIRECT_OBJC_ISA_USAGE = YES_ERROR;
				CLANG_WARN_DOCUMENTATION_COMMENTS = YES;
				CLANG_WARN_EMPTY_BODY = YES;
				CLANG_WARN_ENUM_CONVERSION = YES;
				CLANG_WARN_INFINITE_RECURSION = YES;
				CLANG_WARN_INT_CONVERSION = YES;
				CLANG_WARN_NON_LITERAL_NULL_CONVERSION = YES;
				CLANG_WARN_OBJC_IMPLICIT_RETAIN_SELF = YES;
				CLANG_WARN_OBJC_LITERAL_CONVERSION = YES;
				CLANG_WARN_OBJC_ROOT_CLASS = YES_ERROR;
				CLANG_WARN_QUOTED_INCLUDE_IN_FRAMEWORK_HEADER = YES;
				CLANG_WARN_RANGE_LOOP_ANALYSIS = YES;
				CLANG_WARN_STRICT_PROTOTYPES = YES;
				CLANG_WARN_SUSPICIOUS_MOVE = YES;
				CLANG_WARN_UNGUARDED_AVAILABILITY = YES_AGGRESSIVE;
				CLANG_WARN_UNREACHABLE_CODE = YES;
				CLANG_WARN__DUPLICATE_METHOD_MATCH = YES;
				COPY_PHASE_STRIP = NO;
				DEBUG_INFORMATION_FORMAT = "dwarf-with-dsym";
				ENABLE_NS_ASSERTIONS = NO;
				ENABLE_STRICT_OBJC_MSGSEND = YES;
				ENABLE_USER_SCRIPT_SANDBOXING = YES;
				GCC_C_LANGUAGE_STANDARD = gnu17;
				GCC_NO_COMMON_BLOCKS = YES;
				GCC_WARN_64_TO_32_BIT_CONVERSION = YES;
				GCC_WARN_ABOUT_RETURN_TYPE = YES_ERROR;
				GCC_WARN_UNDECLARED_SELECTOR = YES;
				GCC_WARN_UNINITIALIZED_AUTOS = YES_AGGRESSIVE;
				GCC_WARN_UNUSED_FUNCTION = YES;
				GCC_WARN_UNUSED_VARIABLE = YES;
				IPHONEOS_DEPLOYMENT_TARGET = 18.2;
				LOCALIZATION_PREFERS_STRING_CATALOGS = YES;
				MTL_ENABLE_DEBUG_INFO = NO;
				MTL_FAST_MATH = YES;
				SDKROOT = iphoneos;
				SWIFT_COMPILATION_MODE = wholemodule;
				VALIDATE_PRODUCT = YES;
			};
			name = Release;
		};
		EB5F2F0C2D45C8130046E8B0 /* Debug */ = {
			isa = XCBuildConfiguration;
			buildSettings = {
				ASSETCATALOG_COMPILER_APPICON_NAME = AppIcon;
				ASSETCATALOG_COMPILER_GLOBAL_ACCENT_COLOR_NAME = AccentColor;
				CODE_SIGN_STYLE = Automatic;
				CURRENT_PROJECT_VERSION = 1;
				DEVELOPMENT_ASSET_PATHS = "\"Software Design Volunteer App/Preview Content\"";
				DEVELOPMENT_TEAM = H349G2ZH8B;
				ENABLE_PREVIEWS = YES;
				GENERATE_INFOPLIST_FILE = YES;
				INFOPLIST_KEY_UIApplicationSceneManifest_Generation = YES;
				INFOPLIST_KEY_UIApplicationSupportsIndirectInputEvents = YES;
				INFOPLIST_KEY_UILaunchScreen_Generation = YES;
				INFOPLIST_KEY_UISupportedInterfaceOrientations_iPad = "UIInterfaceOrientationPortrait UIInterfaceOrientationPortraitUpsideDown UIInterfaceOrientationLandscapeLeft UIInterfaceOrientationLandscapeRight";
				INFOPLIST_KEY_UISupportedInterfaceOrientations_iPhone = "UIInterfaceOrientationPortrait UIInterfaceOrientationLandscapeLeft UIInterfaceOrientationLandscapeRight";
				LD_RUNPATH_SEARCH_PATHS = (
					"$(inherited)",
					"@executable_path/Frameworks",
				);
				MARKETING_VERSION = 1.0;
				PRODUCT_BUNDLE_IDENTIFIER = "Marshall-Morgan.Software-Design-Volunteer-App";
				PRODUCT_NAME = "$(TARGET_NAME)";
				SWIFT_EMIT_LOC_STRINGS = YES;
				SWIFT_VERSION = 5.0;
				TARGETED_DEVICE_FAMILY = "1,2";
			};
			name = Debug;
		};
		EB5F2F0D2D45C8130046E8B0 /* Release */ = {
			isa = XCBuildConfiguration;
			buildSettings = {
				ASSETCATALOG_COMPILER_APPICON_NAME = AppIcon;
				ASSETCATALOG_COMPILER_GLOBAL_ACCENT_COLOR_NAME = AccentColor;
				CODE_SIGN_STYLE = Automatic;
				CURRENT_PROJECT_VERSION = 1;
				DEVELOPMENT_ASSET_PATHS = "\"Software Design Volunteer App/Preview Content\"";
				DEVELOPMENT_TEAM = H349G2ZH8B;
				ENABLE_PREVIEWS = YES;
				GENERATE_INFOPLIST_FILE = YES;
				INFOPLIST_KEY_UIApplicationSceneManifest_Generation = YES;
				INFOPLIST_KEY_UIApplicationSupportsIndirectInputEvents = YES;
				INFOPLIST_KEY_UILaunchScreen_Generation = YES;
				INFOPLIST_KEY_UISupportedInterfaceOrientations_iPad = "UIInterfaceOrientationPortrait UIInterfaceOrientationPortraitUpsideDown UIInterfaceOrientationLandscapeLeft UIInterfaceOrientationLandscapeRight";
				INFOPLIST_KEY_UISupportedInterfaceOrientations_iPhone = "UIInterfaceOrientationPortrait UIInterfaceOrientationLandscapeLeft UIInterfaceOrientationLandscapeRight";
				LD_RUNPATH_SEARCH_PATHS = (
					"$(inherited)",
					"@executable_path/Frameworks",
				);
				MARKETING_VERSION = 1.0;
				PRODUCT_BUNDLE_IDENTIFIER = "Marshall-Morgan.Software-Design-Volunteer-App";
				PRODUCT_NAME = "$(TARGET_NAME)";
				SWIFT_EMIT_LOC_STRINGS = YES;
				SWIFT_VERSION = 5.0;
				TARGETED_DEVICE_FAMILY = "1,2";
			};
			name = Release;
		};
		EB5F2F0F2D45C8130046E8B0 /* Debug */ = {
			isa = XCBuildConfiguration;
			buildSettings = {
				BUNDLE_LOADER = "$(TEST_HOST)";
				CODE_SIGN_STYLE = Automatic;
				CURRENT_PROJECT_VERSION = 1;
				DEVELOPMENT_TEAM = H349G2ZH8B;
				GENERATE_INFOPLIST_FILE = YES;
				IPHONEOS_DEPLOYMENT_TARGET = 18.2;
				MARKETING_VERSION = 1.0;
				PRODUCT_BUNDLE_IDENTIFIER = "Marshall-Morgan.Software-Design-Volunteer-AppTests";
				PRODUCT_NAME = "$(TARGET_NAME)";
				SWIFT_EMIT_LOC_STRINGS = NO;
				SWIFT_VERSION = 5.0;
				TARGETED_DEVICE_FAMILY = "1,2";
				TEST_HOST = "$(BUILT_PRODUCTS_DIR)/Software Design Volunteer App.app/$(BUNDLE_EXECUTABLE_FOLDER_PATH)/Software Design Volunteer App";
			};
			name = Debug;
		};
		EB5F2F102D45C8130046E8B0 /* Release */ = {
			isa = XCBuildConfiguration;
			buildSettings = {
				BUNDLE_LOADER = "$(TEST_HOST)";
				CODE_SIGN_STYLE = Automatic;
				CURRENT_PROJECT_VERSION = 1;
				DEVELOPMENT_TEAM = H349G2ZH8B;
				GENERATE_INFOPLIST_FILE = YES;
				IPHONEOS_DEPLOYMENT_TARGET = 18.2;
				MARKETING_VERSION = 1.0;
				PRODUCT_BUNDLE_IDENTIFIER = "Marshall-Morgan.Software-Design-Volunteer-AppTests";
				PRODUCT_NAME = "$(TARGET_NAME)";
				SWIFT_EMIT_LOC_STRINGS = NO;
				SWIFT_VERSION = 5.0;
				TARGETED_DEVICE_FAMILY = "1,2";
				TEST_HOST = "$(BUILT_PRODUCTS_DIR)/Software Design Volunteer App.app/$(BUNDLE_EXECUTABLE_FOLDER_PATH)/Software Design Volunteer App";
			};
			name = Release;
		};
		EB5F2F122D45C8130046E8B0 /* Debug */ = {
			isa = XCBuildConfiguration;
			buildSettings = {
				CODE_SIGN_STYLE = Automatic;
				CURRENT_PROJECT_VERSION = 1;
				DEVELOPMENT_TEAM = H349G2ZH8B;
				GENERATE_INFOPLIST_FILE = YES;
				MARKETING_VERSION = 1.0;
				PRODUCT_BUNDLE_IDENTIFIER = "Marshall-Morgan.Software-Design-Volunteer-AppUITests";
				PRODUCT_NAME = "$(TARGET_NAME)";
				SWIFT_EMIT_LOC_STRINGS = NO;
				SWIFT_VERSION = 5.0;
				TARGETED_DEVICE_FAMILY = "1,2";
				TEST_TARGET_NAME = "Software Design Volunteer App";
			};
			name = Debug;
		};
		EB5F2F132D45C8130046E8B0 /* Release */ = {
			isa = XCBuildConfiguration;
			buildSettings = {
				CODE_SIGN_STYLE = Automatic;
				CURRENT_PROJECT_VERSION = 1;
				DEVELOPMENT_TEAM = H349G2ZH8B;
				GENERATE_INFOPLIST_FILE = YES;
				MARKETING_VERSION = 1.0;
				PRODUCT_BUNDLE_IDENTIFIER = "Marshall-Morgan.Software-Design-Volunteer-AppUITests";
				PRODUCT_NAME = "$(TARGET_NAME)";
				SWIFT_EMIT_LOC_STRINGS = NO;
				SWIFT_VERSION = 5.0;
				TARGETED_DEVICE_FAMILY = "1,2";
				TEST_TARGET_NAME = "Software Design Volunteer App";
			};
			name = Release;
		};
/* End XCBuildConfiguration section */

/* Begin XCConfigurationList section */
		EB5F2EE22D45C8110046E8B0 /* Build configuration list for PBXProject "Software Design Volunteer App" */ = {
			isa = XCConfigurationList;
			buildConfigurations = (
				EB5F2F092D45C8130046E8B0 /* Debug */,
				EB5F2F0A2D45C8130046E8B0 /* Release */,
			);
			defaultConfigurationIsVisible = 0;
			defaultConfigurationName = Release;
		};
		EB5F2F0B2D45C8130046E8B0 /* Build configuration list for PBXNativeTarget "Software Design Volunteer App" */ = {
			isa = XCConfigurationList;
			buildConfigurations = (
				EB5F2F0C2D45C8130046E8B0 /* Debug */,
				EB5F2F0D2D45C8130046E8B0 /* Release */,
			);
			defaultConfigurationIsVisible = 0;
			defaultConfigurationName = Release;
		};
		EB5F2F0E2D45C8130046E8B0 /* Build configuration list for PBXNativeTarget "Software Design Volunteer AppTests" */ = {
			isa = XCConfigurationList;
			buildConfigurations = (
				EB5F2F0F2D45C8130046E8B0 /* Debug */,
				EB5F2F102D45C8130046E8B0 /* Release */,
			);
			defaultConfigurationIsVisible = 0;
			defaultConfigurationName = Release;
		};
		EB5F2F112D45C8130046E8B0 /* Build configuration list for PBXNativeTarget "Software Design Volunteer AppUITests" */ = {
			isa = XCConfigurationList;
			buildConfigurations = (
				EB5F2F122D45C8130046E8B0 /* Debug */,
				EB5F2F132D45C8130046E8B0 /* Release */,
			);
			defaultConfigurationIsVisible = 0;
			defaultConfigurationName = Release;
		};
/* End XCConfigurationList section */
	};
	rootObject = EB5F2EDF2D45C8110046E8B0 /* Project object */;
}
